
Microsoft Visual Studio Solution File, Format Version 12.00
# Visual Studio Version 17
VisualStudioVersion = 17.13.35913.81 d17.13
MinimumVisualStudioVersion = 10.0.40219.1
Project("{888888A0-9F3D-457C-B088-3A5042F75D52}") = "inheritance_quiz_content_and_runner", "inheritance_quiz_content_and_runner\inheritance_quiz_content_and_runner.pyproj", "{70DE0AC8-524B-49B0-B78C-D3591415197D}"
EndProject
Global
	GlobalSection(SolutionConfigurationPlatforms) = preSolution
		Debug|Any CPU = Debug|Any CPU
		Release|Any CPU = Release|Any CPU
	EndGlobalSection
	GlobalSection(ProjectConfigurationPlatforms) = postSolution
		{70DE0AC8-524B-49B0-B78C-D3591415197D}.Debug|Any CPU.ActiveCfg = Debug|Any CPU
		{70DE0AC8-524B-49B0-B78C-D3591415197D}.Release|Any CPU.ActiveCfg = Release|Any CPU
	EndGlobalSection
	GlobalSection(SolutionProperties) = preSolution
		HideSolutionNode = FALSE
	EndGlobalSection
	GlobalSection(ExtensibilityGlobals) = postSolution
		SolutionGuid = {BE806F91-6984-48DA-AD2C-5A6ED15B0494}
	EndGlobalSection
EndGlobal
